
Microsoft Visual Studio Solution File, Format Version 12.00
# Visual Studio Version 17
VisualStudioVersion = 17.6.33815.320
MinimumVisualStudioVersion = 10.0.40219.1
Project("{2150E333-8FDC-42A3-9474-1A3956D46DE8}") = "CoinTrackerProject", "CoinTrackerProject", "{8B6F4D11-E402-4781-8E0F-3E2334DA60DE}"
EndProject
Project("{2150E333-8FDC-42A3-9474-1A3956D46DE8}") = "CoinList", "CoinList", "{F2F10B73-AD24-4377-8518-DDC090B140C9}"
EndProject
Project("{2150E333-8FDC-42A3-9474-1A3956D46DE8}") = "Src", "Src", "{44658543-400B-461F-96FA-6FAF283A4F8C}"
EndProject
Project("{2150E333-8FDC-42A3-9474-1A3956D46DE8}") = "Test", "Test", "{18CEAE52-BBFE-42DA-9B2F-9E6F55283F64}"
EndProject
Project("{9A19103F-16F7-4668-BE54-9A1E7A4F7556}") = "CoinList.Domain", "Domain\CoinList.Domain.csproj", "{92B6D2CF-05ED-4AFB-8596-D9C7150CA197}"
EndProject
Project("{9A19103F-16F7-4668-BE54-9A1E7A4F7556}") = "CoinList.Tests", "CoinList\CoinList.Tests.csproj", "{7A361A72-BE60-40CE-8D80-AD45E3F2F858}"
EndProject
Project("{2150E333-8FDC-42A3-9474-1A3956D46DE8}") = "Common", "Common", "{8CDE9449-F3EA-4D86-BA1C-E9995CD8A290}"
EndProject
Project("{2150E333-8FDC-42A3-9474-1A3956D46DE8}") = "Src", "Src", "{721EEF92-512D-49FF-B8CB-8F52D2F55F5E}"
EndProject
Project("{9A19103F-16F7-4668-BE54-9A1E7A4F7556}") = "Common.Domain", "Common.Domain\Common.Domain.csproj", "{8A8963C4-A63E-4579-A2D2-9D26E3A42EB3}"
EndProject
Project("{2150E333-8FDC-42A3-9474-1A3956D46DE8}") = "Test", "Test", "{1BC03275-0593-4164-8759-45B827DEF2CD}"
EndProject
Project("{9A19103F-16F7-4668-BE54-9A1E7A4F7556}") = "Common.Tests", "Common.Tests\Common.Tests.csproj", "{3812C4C8-0BF4-4C18-B41F-6B5EDCFACC58}"
EndProject
Project("{2150E333-8FDC-42A3-9474-1A3956D46DE8}") = "Solution Items", "Solution Items", "{1F9A507F-4288-4F8C-BF54-188EA5CA3C53}"
	ProjectSection(SolutionItems) = preProject
		.editorconfig = .editorconfig
		Directory.Build.props = Directory.Build.props
	EndProjectSection
EndProject
Project("{9A19103F-16F7-4668-BE54-9A1E7A4F7556}") = "CoinList.Infrastrcture", "CoinList.Infrastrcture\CoinList.Infrastrcture.csproj", "{A9D77D6A-2AD2-47F7-9555-9EAF0E3FD510}"
EndProject
Project("{9A19103F-16F7-4668-BE54-9A1E7A4F7556}") = "CoinList.Application", "CoinList.Application\CoinList.Application.csproj", "{CA0A8D14-4660-4853-9667-00B61816D266}"
EndProject
Project("{9A19103F-16F7-4668-BE54-9A1E7A4F7556}") = "Common.Application", "Common.Application\Common.Application.csproj", "{3143A093-7AEF-4048-94CE-0DC771A800DD}"
EndProject
Project("{9A19103F-16F7-4668-BE54-9A1E7A4F7556}") = "App", "App\App.csproj", "{8D1EBF66-54BB-4F76-B7EB-1F835EE7FB6A}"
EndProject
Project("{9A19103F-16F7-4668-BE54-9A1E7A4F7556}") = "Common.Infrastructure", "Common.Infrastructure\Common.Infrastructure.csproj", "{4BE111A0-4B33-4311-B3ED-34731CD6FB5E}"
EndProject
Project("{9A19103F-16F7-4668-BE54-9A1E7A4F7556}") = "CoinList.EndPoints", "CoinList.EndPoints\CoinList.EndPoints.csproj", "{E1F2C431-FA81-446B-BEA2-8D5FB0C999AE}"
EndProject
Project("{E53339B2-1760-4266-BCC7-CA923CBCF16C}") = "docker-compose", "docker-compose.dcproj", "{3818BC2F-FAD4-4651-8DC7-C855495F6710}"
EndProject
Global
	GlobalSection(SolutionConfigurationPlatforms) = preSolution
		Debug|Any CPU = Debug|Any CPU
		Release|Any CPU = Release|Any CPU
	EndGlobalSection
	GlobalSection(ProjectConfigurationPlatforms) = postSolution
		{92B6D2CF-05ED-4AFB-8596-D9C7150CA197}.Debug|Any CPU.ActiveCfg = Debug|Any CPU
		{92B6D2CF-05ED-4AFB-8596-D9C7150CA197}.Debug|Any CPU.Build.0 = Debug|Any CPU
		{92B6D2CF-05ED-4AFB-8596-D9C7150CA197}.Release|Any CPU.ActiveCfg = Release|Any CPU
		{92B6D2CF-05ED-4AFB-8596-D9C7150CA197}.Release|Any CPU.Build.0 = Release|Any CPU
		{7A361A72-BE60-40CE-8D80-AD45E3F2F858}.Debug|Any CPU.ActiveCfg = Debug|Any CPU
		{7A361A72-BE60-40CE-8D80-AD45E3F2F858}.Debug|Any CPU.Build.0 = Debug|Any CPU
		{7A361A72-BE60-40CE-8D80-AD45E3F2F858}.Release|Any CPU.ActiveCfg = Release|Any CPU
		{7A361A72-BE60-40CE-8D80-AD45E3F2F858}.Release|Any CPU.Build.0 = Release|Any CPU
		{8A8963C4-A63E-4579-A2D2-9D26E3A42EB3}.Debug|Any CPU.ActiveCfg = Debug|Any CPU
		{8A8963C4-A63E-4579-A2D2-9D26E3A42EB3}.Debug|Any CPU.Build.0 = Debug|Any CPU
		{8A8963C4-A63E-4579-A2D2-9D26E3A42EB3}.Release|Any CPU.ActiveCfg = Release|Any CPU
		{8A8963C4-A63E-4579-A2D2-9D26E3A42EB3}.Release|Any CPU.Build.0 = Release|Any CPU
		{3812C4C8-0BF4-4C18-B41F-6B5EDCFACC58}.Debug|Any CPU.ActiveCfg = Debug|Any CPU
		{3812C4C8-0BF4-4C18-B41F-6B5EDCFACC58}.Debug|Any CPU.Build.0 = Debug|Any CPU
		{3812C4C8-0BF4-4C18-B41F-6B5EDCFACC58}.Release|Any CPU.ActiveCfg = Release|Any CPU
		{3812C4C8-0BF4-4C18-B41F-6B5EDCFACC58}.Release|Any CPU.Build.0 = Release|Any CPU
		{A9D77D6A-2AD2-47F7-9555-9EAF0E3FD510}.Debug|Any CPU.ActiveCfg = Debug|Any CPU
		{A9D77D6A-2AD2-47F7-9555-9EAF0E3FD510}.Debug|Any CPU.Build.0 = Debug|Any CPU
		{A9D77D6A-2AD2-47F7-9555-9EAF0E3FD510}.Release|Any CPU.ActiveCfg = Release|Any CPU
		{A9D77D6A-2AD2-47F7-9555-9EAF0E3FD510}.Release|Any CPU.Build.0 = Release|Any CPU
		{CA0A8D14-4660-4853-9667-00B61816D266}.Debug|Any CPU.ActiveCfg = Debug|Any CPU
		{CA0A8D14-4660-4853-9667-00B61816D266}.Debug|Any CPU.Build.0 = Debug|Any CPU
		{CA0A8D14-4660-4853-9667-00B61816D266}.Release|Any CPU.ActiveCfg = Release|Any CPU
		{CA0A8D14-4660-4853-9667-00B61816D266}.Release|Any CPU.Build.0 = Release|Any CPU
		{3143A093-7AEF-4048-94CE-0DC771A800DD}.Debug|Any CPU.ActiveCfg = Debug|Any CPU
		{3143A093-7AEF-4048-94CE-0DC771A800DD}.Debug|Any CPU.Build.0 = Debug|Any CPU
		{3143A093-7AEF-4048-94CE-0DC771A800DD}.Release|Any CPU.ActiveCfg = Release|Any CPU
		{3143A093-7AEF-4048-94CE-0DC771A800DD}.Release|Any CPU.Build.0 = Release|Any CPU
		{8D1EBF66-54BB-4F76-B7EB-1F835EE7FB6A}.Debug|Any CPU.ActiveCfg = Debug|Any CPU
		{8D1EBF66-54BB-4F76-B7EB-1F835EE7FB6A}.Debug|Any CPU.Build.0 = Debug|Any CPU
		{8D1EBF66-54BB-4F76-B7EB-1F835EE7FB6A}.Release|Any CPU.ActiveCfg = Release|Any CPU
		{8D1EBF66-54BB-4F76-B7EB-1F835EE7FB6A}.Release|Any CPU.Build.0 = Release|Any CPU
		{4BE111A0-4B33-4311-B3ED-34731CD6FB5E}.Debug|Any CPU.ActiveCfg = Debug|Any CPU
		{4BE111A0-4B33-4311-B3ED-34731CD6FB5E}.Debug|Any CPU.Build.0 = Debug|Any CPU
		{4BE111A0-4B33-4311-B3ED-34731CD6FB5E}.Release|Any CPU.ActiveCfg = Release|Any CPU
		{4BE111A0-4B33-4311-B3ED-34731CD6FB5E}.Release|Any CPU.Build.0 = Release|Any CPU
		{E1F2C431-FA81-446B-BEA2-8D5FB0C999AE}.Debug|Any CPU.ActiveCfg = Debug|Any CPU
		{E1F2C431-FA81-446B-BEA2-8D5FB0C999AE}.Debug|Any CPU.Build.0 = Debug|Any CPU
		{E1F2C431-FA81-446B-BEA2-8D5FB0C999AE}.Release|Any CPU.ActiveCfg = Release|Any CPU
		{E1F2C431-FA81-446B-BEA2-8D5FB0C999AE}.Release|Any CPU.Build.0 = Release|Any CPU
		{3818BC2F-FAD4-4651-8DC7-C855495F6710}.Debug|Any CPU.ActiveCfg = Debug|Any CPU
		{3818BC2F-FAD4-4651-8DC7-C855495F6710}.Debug|Any CPU.Build.0 = Debug|Any CPU
		{3818BC2F-FAD4-4651-8DC7-C855495F6710}.Release|Any CPU.ActiveCfg = Release|Any CPU
		{3818BC2F-FAD4-4651-8DC7-C855495F6710}.Release|Any CPU.Build.0 = Release|Any CPU
	EndGlobalSection
	GlobalSection(SolutionProperties) = preSolution
		HideSolutionNode = FALSE
	EndGlobalSection
	GlobalSection(NestedProjects) = preSolution
		{F2F10B73-AD24-4377-8518-DDC090B140C9} = {8B6F4D11-E402-4781-8E0F-3E2334DA60DE}
		{44658543-400B-461F-96FA-6FAF283A4F8C} = {F2F10B73-AD24-4377-8518-DDC090B140C9}
		{18CEAE52-BBFE-42DA-9B2F-9E6F55283F64} = {F2F10B73-AD24-4377-8518-DDC090B140C9}
		{92B6D2CF-05ED-4AFB-8596-D9C7150CA197} = {44658543-400B-461F-96FA-6FAF283A4F8C}
		{7A361A72-BE60-40CE-8D80-AD45E3F2F858} = {18CEAE52-BBFE-42DA-9B2F-9E6F55283F64}
		{8CDE9449-F3EA-4D86-BA1C-E9995CD8A290} = {8B6F4D11-E402-4781-8E0F-3E2334DA60DE}
		{721EEF92-512D-49FF-B8CB-8F52D2F55F5E} = {8CDE9449-F3EA-4D86-BA1C-E9995CD8A290}
		{8A8963C4-A63E-4579-A2D2-9D26E3A42EB3} = {721EEF92-512D-49FF-B8CB-8F52D2F55F5E}
		{1BC03275-0593-4164-8759-45B827DEF2CD} = {8CDE9449-F3EA-4D86-BA1C-E9995CD8A290}
		{3812C4C8-0BF4-4C18-B41F-6B5EDCFACC58} = {1BC03275-0593-4164-8759-45B827DEF2CD}
		{A9D77D6A-2AD2-47F7-9555-9EAF0E3FD510} = {44658543-400B-461F-96FA-6FAF283A4F8C}
		{CA0A8D14-4660-4853-9667-00B61816D266} = {44658543-400B-461F-96FA-6FAF283A4F8C}
		{3143A093-7AEF-4048-94CE-0DC771A800DD} = {721EEF92-512D-49FF-B8CB-8F52D2F55F5E}
		{8D1EBF66-54BB-4F76-B7EB-1F835EE7FB6A} = {8B6F4D11-E402-4781-8E0F-3E2334DA60DE}
		{4BE111A0-4B33-4311-B3ED-34731CD6FB5E} = {721EEF92-512D-49FF-B8CB-8F52D2F55F5E}
		{E1F2C431-FA81-446B-BEA2-8D5FB0C999AE} = {44658543-400B-461F-96FA-6FAF283A4F8C}
	EndGlobalSection
	GlobalSection(ExtensibilityGlobals) = postSolution
		SolutionGuid = {2A00F6A0-B1B0-46F8-A924-438BEB6B1D24}
	EndGlobalSection
EndGlobal
