
Microsoft Visual Studio Solution File, Format Version 12.00
# Visual Studio Version 17
VisualStudioVersion = 17.6.33815.320
MinimumVisualStudioVersion = 10.0.40219.1
Project("{2150E333-8FDC-42A3-9474-1A3956D46DE8}") = "CoinTrackerProject", "CoinTrackerProject", "{8B6F4D11-E402-4781-8E0F-3E2334DA60DE}"
EndProject
Project("{2150E333-8FDC-42A3-9474-1A3956D46DE8}") = "CoinList", "CoinList", "{F2F10B73-AD24-4377-8518-DDC090B140C9}"
EndProject
Project("{2150E333-8FDC-42A3-9474-1A3956D46DE8}") = "Src", "Src", "{44658543-400B-461F-96FA-6FAF283A4F8C}"
EndProject
Project("{2150E333-8FDC-42A3-9474-1A3956D46DE8}") = "Test", "Test", "{18CEAE52-BBFE-42DA-9B2F-9E6F55283F64}"
EndProject
Project("{9A19103F-16F7-4668-BE54-9A1E7A4F7556}") = "CoinList.Domain", "Domain\CoinList.Domain.csproj", "{92B6D2CF-05ED-4AFB-8596-D9C7150CA197}"
EndProject
Project("{9A19103F-16F7-4668-BE54-9A1E7A4F7556}") = "CoinList.Tests", "CoinList\CoinList.Tests.csproj", "{7A361A72-BE60-40CE-8D80-AD45E3F2F858}"
EndProject
Project("{2150E333-8FDC-42A3-9474-1A3956D46DE8}") = "Common", "Common", "{8CDE9449-F3EA-4D86-BA1C-E9995CD8A290}"
EndProject
Project("{2150E333-8FDC-42A3-9474-1A3956D46DE8}") = "Src", "Src", "{721EEF92-512D-49FF-B8CB-8F52D2F55F5E}"
EndProject
Project("{9A19103F-16F7-4668-BE54-9A1E7A4F7556}") = "Common.Domain", "Common.Domain\Common.Domain.csproj", "{8A8963C4-A63E-4579-A2D2-9D26E3A42EB3}"
EndProject
Project("{2150E333-8FDC-42A3-9474-1A3956D46DE8}") = "Test", "Test", "{1BC03275-0593-4164-8759-45B827DEF2CD}"
EndProject
Project("{9A19103F-16F7-4668-BE54-9A1E7A4F7556}") = "Common.Tests", "Common.Tests\Common.Tests.csproj", "{3812C4C8-0BF4-4C18-B41F-6B5EDCFACC58}"
EndProject
Project("{2150E333-8FDC-42A3-9474-1A3956D46DE8}") = "Solution Items", "Solution Items", "{1F9A507F-4288-4F8C-BF54-188EA5CA3C53}"
	ProjectSection(SolutionItems) = preProject
		.editorconfig = .editorconfig
		Directory.Build.props = Directory.Build.props
	EndProjectSection
EndProject
Global
	GlobalSection(SolutionConfigurationPlatforms) = preSolution
		Debug|Any CPU = Debug|Any CPU
		Release|Any CPU = Release|Any CPU
	EndGlobalSection
	GlobalSection(ProjectConfigurationPlatforms) = postSolution
		{92B6D2CF-05ED-4AFB-8596-D9C7150CA197}.Debug|Any CPU.ActiveCfg = Debug|Any CPU
		{92B6D2CF-05ED-4AFB-8596-D9C7150CA197}.Debug|Any CPU.Build.0 = Debug|Any CPU
		{92B6D2CF-05ED-4AFB-8596-D9C7150CA197}.Release|Any CPU.ActiveCfg = Release|Any CPU
		{92B6D2CF-05ED-4AFB-8596-D9C7150CA197}.Release|Any CPU.Build.0 = Release|Any CPU
		{7A361A72-BE60-40CE-8D80-AD45E3F2F858}.Debug|Any CPU.ActiveCfg = Debug|Any CPU
		{7A361A72-BE60-40CE-8D80-AD45E3F2F858}.Debug|Any CPU.Build.0 = Debug|Any CPU
		{7A361A72-BE60-40CE-8D80-AD45E3F2F858}.Release|Any CPU.ActiveCfg = Release|Any CPU
		{7A361A72-BE60-40CE-8D80-AD45E3F2F858}.Release|Any CPU.Build.0 = Release|Any CPU
		{8A8963C4-A63E-4579-A2D2-9D26E3A42EB3}.Debug|Any CPU.ActiveCfg = Debug|Any CPU
		{8A8963C4-A63E-4579-A2D2-9D26E3A42EB3}.Debug|Any CPU.Build.0 = Debug|Any CPU
		{8A8963C4-A63E-4579-A2D2-9D26E3A42EB3}.Release|Any CPU.ActiveCfg = Release|Any CPU
		{8A8963C4-A63E-4579-A2D2-9D26E3A42EB3}.Release|Any CPU.Build.0 = Release|Any CPU
		{3812C4C8-0BF4-4C18-B41F-6B5EDCFACC58}.Debug|Any CPU.ActiveCfg = Debug|Any CPU
		{3812C4C8-0BF4-4C18-B41F-6B5EDCFACC58}.Debug|Any CPU.Build.0 = Debug|Any CPU
		{3812C4C8-0BF4-4C18-B41F-6B5EDCFACC58}.Release|Any CPU.ActiveCfg = Release|Any CPU
		{3812C4C8-0BF4-4C18-B41F-6B5EDCFACC58}.Release|Any CPU.Build.0 = Release|Any CPU
	EndGlobalSection
	GlobalSection(SolutionProperties) = preSolution
		HideSolutionNode = FALSE
	EndGlobalSection
	GlobalSection(NestedProjects) = preSolution
		{F2F10B73-AD24-4377-8518-DDC090B140C9} = {8B6F4D11-E402-4781-8E0F-3E2334DA60DE}
		{44658543-400B-461F-96FA-6FAF283A4F8C} = {F2F10B73-AD24-4377-8518-DDC090B140C9}
		{18CEAE52-BBFE-42DA-9B2F-9E6F55283F64} = {F2F10B73-AD24-4377-8518-DDC090B140C9}
		{92B6D2CF-05ED-4AFB-8596-D9C7150CA197} = {44658543-400B-461F-96FA-6FAF283A4F8C}
		{7A361A72-BE60-40CE-8D80-AD45E3F2F858} = {18CEAE52-BBFE-42DA-9B2F-9E6F55283F64}
		{8CDE9449-F3EA-4D86-BA1C-E9995CD8A290} = {8B6F4D11-E402-4781-8E0F-3E2334DA60DE}
		{721EEF92-512D-49FF-B8CB-8F52D2F55F5E} = {8CDE9449-F3EA-4D86-BA1C-E9995CD8A290}
		{8A8963C4-A63E-4579-A2D2-9D26E3A42EB3} = {721EEF92-512D-49FF-B8CB-8F52D2F55F5E}
		{1BC03275-0593-4164-8759-45B827DEF2CD} = {8CDE9449-F3EA-4D86-BA1C-E9995CD8A290}
		{3812C4C8-0BF4-4C18-B41F-6B5EDCFACC58} = {1BC03275-0593-4164-8759-45B827DEF2CD}
	EndGlobalSection
	GlobalSection(ExtensibilityGlobals) = postSolution
		SolutionGuid = {2A00F6A0-B1B0-46F8-A924-438BEB6B1D24}
	EndGlobalSection
EndGlobal
