
Microsoft Visual Studio Solution File, Format Version 12.00
# Visual Studio Version 17
VisualStudioVersion = 17.8.34322.80
MinimumVisualStudioVersion = 10.0.40219.1
Project("{9A19103F-16F7-4668-BE54-9A1E7A4F7556}") = "CoinTracker.AcceptanceTest", "CoinTracker.AcceptanceTest.csproj", "{BAB63BE1-479B-482C-BC3F-E08297FF64C5}"
EndProject
Global
	GlobalSection(SolutionConfigurationPlatforms) = preSolution
		Debug|Any CPU = Debug|Any CPU
		Release|Any CPU = Release|Any CPU
	EndGlobalSection
	GlobalSection(ProjectConfigurationPlatforms) = postSolution
		{BAB63BE1-479B-482C-BC3F-E08297FF64C5}.Debug|Any CPU.ActiveCfg = Debug|Any CPU
		{BAB63BE1-479B-482C-BC3F-E08297FF64C5}.Debug|Any CPU.Build.0 = Debug|Any CPU
		{BAB63BE1-479B-482C-BC3F-E08297FF64C5}.Release|Any CPU.ActiveCfg = Release|Any CPU
		{BAB63BE1-479B-482C-BC3F-E08297FF64C5}.Release|Any CPU.Build.0 = Release|Any CPU
	EndGlobalSection
	GlobalSection(SolutionProperties) = preSolution
		HideSolutionNode = FALSE
	EndGlobalSection
	GlobalSection(ExtensibilityGlobals) = postSolution
		SolutionGuid = {CE432CC2-D0E9-494D-916E-69B1C0EAFC51}
	EndGlobalSection
EndGlobal
